{
  "name": "@socketregistry/assert",
  "version": "1.0.10",
  "lockfileVersion": 3,
  "requires": true,
  "packages": {
    "": {
      "name": "@socketregistry/assert",
      "version": "1.0.10",
      "bundleDependencies": [
        "@socketregistry/original__assert"
      ],
      "license": "MIT",
      "dependencies": {
        "@socketregistry/original__assert": "npm:assert@2.1.0"
      },
      "engines": {
        "node": ">=18.20.4"
      }
    },
    "node_modules/@socketregistry/original__assert": {
      "name": "assert",
      "version": "2.1.0",
      "resolved": "https://registry.npmjs.org/assert/-/assert-2.1.0.tgz",
      "integrity": "sha512-eLHpSK/Y4nhMJ07gDaAzoX/XAKS8PSaojml3M0DM4JpV1LAi5JOJ/p6H/XWrl8L+DzVEvVCW1z3vWAaB9oTsQw==",
      "inBundle": true,
      "license": "MIT",
      "dependencies": {
        "call-bind": "^1.0.2",
        "is-nan": "^1.3.2",
        "object-is": "^1.1.5",
        "object.assign": "^4.1.4",
        "util": "^0.12.5"
      }
    },
    "node_modules/call-bind": {
      "name": "@socketregistry/assert",
      "version": "1.0.6-overrides-call-bind",
      "resolved": "https://registry.npmjs.org/@socketregistry/assert/-/assert-1.0.6-overrides-call-bind.tgz",
      "integrity": "sha512-bpOIS/guz/5UNtmpihjJfa+PXm4L7KjS8PsO0j2G3gPMPtxCqJenL5injNZwGU8DA+/kOUkdVrFTlIafx4oQ7A==",
      "inBundle": true,
      "license": "MIT",
      "engines": {
        "node": ">=18.20.4"
      }
    },
    "node_modules/inherits": {
      "version": "2.0.4",
      "resolved": "https://registry.npmjs.org/inherits/-/inherits-2.0.4.tgz",
      "integrity": "sha512-k/vGaX4/Yla3WzyMCvTQOXYeIHvqOKtnqBduzTHpzpQZzAskKMhZ2K+EnBiSM9zGSoIFeMpXKxa4dYeZIQqewQ==",
      "inBundle": true,
      "license": "ISC"
    },
    "node_modules/is-arguments": {
      "name": "@socketregistry/is-arguments",
      "version": "1.0.5",
      "resolved": "https://registry.npmjs.org/@socketregistry/is-arguments/-/is-arguments-1.0.5.tgz",
      "integrity": "sha512-Iozv0wGyOJdNwaidhIMX556q1fzPVBjv6MJb3B3UBRcMhogRiM09zfYngDLslSsp6aHRpqb8mBGf0v+Huet2/w==",
      "inBundle": true,
      "license": "MIT",
      "engines": {
        "node": ">=18.20.4"
      }
    },
    "node_modules/is-generator-function": {
      "name": "@socketregistry/is-generator-function",
      "version": "1.0.5",
      "resolved": "https://registry.npmjs.org/@socketregistry/is-generator-function/-/is-generator-function-1.0.5.tgz",
      "integrity": "sha512-70FLcIfYK/Z6C4cE/1cGw15OBb6NboJ3NmjtFnLmuRVA6sBW8+z8Gl/ikrv91OncNrm95yMJMS0qSJQ4rEIgmA==",
      "inBundle": true,
      "license": "MIT",
      "engines": {
        "node": ">=18.20.4"
      }
    },
    "node_modules/is-nan": {
      "name": "@socketregistry/is-nan",
      "version": "1.0.5",
      "resolved": "https://registry.npmjs.org/@socketregistry/is-nan/-/is-nan-1.0.5.tgz",
      "integrity": "sha512-G5MLJwXh/wff1iSrrV1BQ6SxjxSzyHp+0bj2wEmY6WErn7uoLDthvLlLyOd+3w+HzHRSLlDb7yWlVhv9qcq+Ow==",
      "inBundle": true,
      "license": "MIT",
      "engines": {
        "node": ">=18.20.4"
      }
    },
    "node_modules/is-typed-array": {
      "name": "@socketregistry/is-typed-array",
      "version": "1.0.5",
      "resolved": "https://registry.npmjs.org/@socketregistry/is-typed-array/-/is-typed-array-1.0.5.tgz",
      "integrity": "sha512-HF+CXkeLtPjGSF1p1ML7pj2eaKCCyvn+c2aYLZLHRgojGNlfNdovVilogDVaZgoUVhbFjioONWLGTLfcXH3R5w==",
      "inBundle": true,
      "license": "MIT",
      "engines": {
        "node": ">=18.20.4"
      }
    },
    "node_modules/object-is": {
      "name": "@socketregistry/object-is",
      "version": "1.0.5",
      "resolved": "https://registry.npmjs.org/@socketregistry/object-is/-/object-is-1.0.5.tgz",
      "integrity": "sha512-1wbyo9IBBptFo2TaPgSCDIgqs77zkvCeR+ymUWYEq3O2eB+WdPXOFCcqBKl2fEKbfXNJG4xj4PNd41OF9yu5Fg==",
      "inBundle": true,
      "license": "MIT",
      "engines": {
        "node": ">=18.20.4"
      }
    },
    "node_modules/object.assign": {
      "name": "@socketregistry/object.assign",
      "version": "1.0.5",
      "resolved": "https://registry.npmjs.org/@socketregistry/object.assign/-/object.assign-1.0.5.tgz",
      "integrity": "sha512-fqgSPOiGnHPhKrruvUW61GJzehuguUE01MgaadTOXouRx5TVqsNRGd5oLNhrFNC+HBPacdnposy8xmt1Mh+H7A==",
      "inBundle": true,
      "license": "MIT",
      "engines": {
        "node": ">=18.20.4"
      }
    },
    "node_modules/util": {
      "version": "0.12.5",
      "resolved": "https://registry.npmjs.org/util/-/util-0.12.5.tgz",
      "integrity": "sha512-kZf/K6hEIrWHI6XqOFUiiMa+79wE/D8Q+NCNAWclkyg3b4d2k7s0QGepNjiABc+aR3N1PAyHL7p6UcLY6LmrnA==",
      "inBundle": true,
      "license": "MIT",
      "dependencies": {
        "inherits": "^2.0.3",
        "is-arguments": "^1.0.4",
        "is-generator-function": "^1.0.7",
        "is-typed-array": "^1.1.3",
        "which-typed-array": "^1.1.2"
      }
    },
    "node_modules/which-typed-array": {
      "name": "@socketregistry/which-typed-array",
      "version": "1.0.5",
      "resolved": "https://registry.npmjs.org/@socketregistry/which-typed-array/-/which-typed-array-1.0.5.tgz",
      "integrity": "sha512-ErJqzcM65dVIo9O1d3PcMXc4Vk+5PfdbmF2dfr1GdcULepv0+g2wcLcQ0CF3eNqAf7tGyOPgkYrQifBG7qhseQ==",
      "inBundle": true,
      "license": "MIT",
      "engines": {
        "node": ">=18.20.4"
      }
    }
  }
}
