{
  "name": "querystringify",
  "lockfileVersion": 3,
  "requires": true,
  "packages": {
    "": {
      "devDependencies": {
        "querystringify": "https://github.com/unshiftio/querystringify/archive/73db95a504f988dce3f790e174e298ceb2b46a8e.tar.gz"
      }
    },
    "node_modules/querystringify": {
      "version": "2.2.0",
      "resolved": "https://github.com/unshiftio/querystringify/archive/73db95a504f988dce3f790e174e298ceb2b46a8e.tar.gz",
      "integrity": "sha512-NKDxhxBX+WJpAkjw5xTxg84vmiwEvdVBZNVpxbyX17gQjS8T8mD3Nkb+TikyxQd5pVCyzB++H3TahgHnBRjE9g==",
      "dev": true,
      "license": "MIT"
    }
  }
}
